
Microsoft Visual Studio Solution File, Format Version 12.00
# Visual Studio 15
VisualStudioVersion = 15.0.27130.2010
MinimumVisualStudioVersion = 10.0.40219.1
Project("{FAE04EC0-301F-11D3-BF4B-00C04F79EFBC}") = "lab1", "lab1\lab1.csproj", "{6169C9E1-9387-4F89-871E-AE6AD6DB3A14}"
EndProject
Project("{FAE04EC0-301F-11D3-BF4B-00C04F79EFBC}") = "lab2", "lab2\lab2.csproj", "{86E8B403-1C8F-4EEC-8116-C6A8429EB188}"
EndProject
Project("{FAE04EC0-301F-11D3-BF4B-00C04F79EFBC}") = "lab3", "lab3\lab3.csproj", "{68497903-AA2D-4FBD-8592-77C38B95A639}"
EndProject
Project("{FAE04EC0-301F-11D3-BF4B-00C04F79EFBC}") = "lab4", "lab4\lab4.csproj", "{1EFFBF28-4BEF-4B33-8441-350E40A6A298}"
EndProject
Project("{FAE04EC0-301F-11D3-BF4B-00C04F79EFBC}") = "lab5", "lab5\lab5.csproj", "{82AEFBEE-5F7B-4BB9-A055-65CA433331FA}"
EndProject
Project("{FAE04EC0-301F-11D3-BF4B-00C04F79EFBC}") = "lab6", "lab6\lab6.csproj", "{79E72B4D-6FCF-4706-B275-07498EF57B69}"
EndProject
Project("{FAE04EC0-301F-11D3-BF4B-00C04F79EFBC}") = "lab7", "lab7\lab7.csproj", "{AC716433-5237-4B39-B516-97212AEDA3D5}"
EndProject
Project("{FAE04EC0-301F-11D3-BF4B-00C04F79EFBC}") = "lab8", "lab8\lab8.csproj", "{D4A63152-79BD-420F-88F2-800BF9EB4B34}"
EndProject
Project("{2150E333-8FDC-42A3-9474-1A3956D46DE8}") = "term1", "term1", "{07B525C4-97C7-41DF-8397-5B343628375A}"
EndProject
Project("{2150E333-8FDC-42A3-9474-1A3956D46DE8}") = "term2", "term2", "{DDDC4257-0EA5-4D94-B0E8-0AD3CD434CBD}"
EndProject
Project("{FAE04EC0-301F-11D3-BF4B-00C04F79EFBC}") = "lab9", "lab9\lab9.csproj", "{BB589097-3E30-408E-B2AB-22C41957DFB1}"
EndProject
Project("{FAE04EC0-301F-11D3-BF4B-00C04F79EFBC}") = "lab10", "lab10\lab10.csproj", "{55389ECD-6CE8-4F50-B66F-706BC769AFCA}"
EndProject
Global
	GlobalSection(SolutionConfigurationPlatforms) = preSolution
		Debug|Any CPU = Debug|Any CPU
		Release|Any CPU = Release|Any CPU
	EndGlobalSection
	GlobalSection(ProjectConfigurationPlatforms) = postSolution
		{6169C9E1-9387-4F89-871E-AE6AD6DB3A14}.Debug|Any CPU.ActiveCfg = Debug|Any CPU
		{6169C9E1-9387-4F89-871E-AE6AD6DB3A14}.Debug|Any CPU.Build.0 = Debug|Any CPU
		{6169C9E1-9387-4F89-871E-AE6AD6DB3A14}.Release|Any CPU.ActiveCfg = Release|Any CPU
		{6169C9E1-9387-4F89-871E-AE6AD6DB3A14}.Release|Any CPU.Build.0 = Release|Any CPU
		{86E8B403-1C8F-4EEC-8116-C6A8429EB188}.Debug|Any CPU.ActiveCfg = Debug|Any CPU
		{86E8B403-1C8F-4EEC-8116-C6A8429EB188}.Debug|Any CPU.Build.0 = Debug|Any CPU
		{86E8B403-1C8F-4EEC-8116-C6A8429EB188}.Release|Any CPU.ActiveCfg = Release|Any CPU
		{86E8B403-1C8F-4EEC-8116-C6A8429EB188}.Release|Any CPU.Build.0 = Release|Any CPU
		{68497903-AA2D-4FBD-8592-77C38B95A639}.Debug|Any CPU.ActiveCfg = Debug|Any CPU
		{68497903-AA2D-4FBD-8592-77C38B95A639}.Debug|Any CPU.Build.0 = Debug|Any CPU
		{68497903-AA2D-4FBD-8592-77C38B95A639}.Release|Any CPU.ActiveCfg = Release|Any CPU
		{68497903-AA2D-4FBD-8592-77C38B95A639}.Release|Any CPU.Build.0 = Release|Any CPU
		{1EFFBF28-4BEF-4B33-8441-350E40A6A298}.Debug|Any CPU.ActiveCfg = Debug|Any CPU
		{1EFFBF28-4BEF-4B33-8441-350E40A6A298}.Debug|Any CPU.Build.0 = Debug|Any CPU
		{1EFFBF28-4BEF-4B33-8441-350E40A6A298}.Release|Any CPU.ActiveCfg = Release|Any CPU
		{1EFFBF28-4BEF-4B33-8441-350E40A6A298}.Release|Any CPU.Build.0 = Release|Any CPU
		{82AEFBEE-5F7B-4BB9-A055-65CA433331FA}.Debug|Any CPU.ActiveCfg = Debug|Any CPU
		{82AEFBEE-5F7B-4BB9-A055-65CA433331FA}.Debug|Any CPU.Build.0 = Debug|Any CPU
		{82AEFBEE-5F7B-4BB9-A055-65CA433331FA}.Release|Any CPU.ActiveCfg = Release|Any CPU
		{82AEFBEE-5F7B-4BB9-A055-65CA433331FA}.Release|Any CPU.Build.0 = Release|Any CPU
		{79E72B4D-6FCF-4706-B275-07498EF57B69}.Debug|Any CPU.ActiveCfg = Debug|Any CPU
		{79E72B4D-6FCF-4706-B275-07498EF57B69}.Debug|Any CPU.Build.0 = Debug|Any CPU
		{79E72B4D-6FCF-4706-B275-07498EF57B69}.Release|Any CPU.ActiveCfg = Release|Any CPU
		{79E72B4D-6FCF-4706-B275-07498EF57B69}.Release|Any CPU.Build.0 = Release|Any CPU
		{AC716433-5237-4B39-B516-97212AEDA3D5}.Debug|Any CPU.ActiveCfg = Debug|Any CPU
		{AC716433-5237-4B39-B516-97212AEDA3D5}.Debug|Any CPU.Build.0 = Debug|Any CPU
		{AC716433-5237-4B39-B516-97212AEDA3D5}.Release|Any CPU.ActiveCfg = Release|Any CPU
		{AC716433-5237-4B39-B516-97212AEDA3D5}.Release|Any CPU.Build.0 = Release|Any CPU
		{D4A63152-79BD-420F-88F2-800BF9EB4B34}.Debug|Any CPU.ActiveCfg = Debug|Any CPU
		{D4A63152-79BD-420F-88F2-800BF9EB4B34}.Debug|Any CPU.Build.0 = Debug|Any CPU
		{D4A63152-79BD-420F-88F2-800BF9EB4B34}.Release|Any CPU.ActiveCfg = Release|Any CPU
		{D4A63152-79BD-420F-88F2-800BF9EB4B34}.Release|Any CPU.Build.0 = Release|Any CPU
		{BB589097-3E30-408E-B2AB-22C41957DFB1}.Debug|Any CPU.ActiveCfg = Debug|Any CPU
		{BB589097-3E30-408E-B2AB-22C41957DFB1}.Debug|Any CPU.Build.0 = Debug|Any CPU
		{BB589097-3E30-408E-B2AB-22C41957DFB1}.Release|Any CPU.ActiveCfg = Release|Any CPU
		{BB589097-3E30-408E-B2AB-22C41957DFB1}.Release|Any CPU.Build.0 = Release|Any CPU
		{55389ECD-6CE8-4F50-B66F-706BC769AFCA}.Debug|Any CPU.ActiveCfg = Debug|Any CPU
		{55389ECD-6CE8-4F50-B66F-706BC769AFCA}.Debug|Any CPU.Build.0 = Debug|Any CPU
		{55389ECD-6CE8-4F50-B66F-706BC769AFCA}.Release|Any CPU.ActiveCfg = Release|Any CPU
		{55389ECD-6CE8-4F50-B66F-706BC769AFCA}.Release|Any CPU.Build.0 = Release|Any CPU
	EndGlobalSection
	GlobalSection(SolutionProperties) = preSolution
		HideSolutionNode = FALSE
	EndGlobalSection
	GlobalSection(ExtensibilityGlobals) = postSolution
		SolutionGuid = {CBEC8173-3593-42C9-A579-A963871DF80D}
	EndGlobalSection
	GlobalSection(NestedProjects) = preSolution
		{6169C9E1-9387-4F89-871E-AE6AD6DB3A14} = {07B525C4-97C7-41DF-8397-5B343628375A}
		{86E8B403-1C8F-4EEC-8116-C6A8429EB188} = {07B525C4-97C7-41DF-8397-5B343628375A}
		{68497903-AA2D-4FBD-8592-77C38B95A639} = {07B525C4-97C7-41DF-8397-5B343628375A}
		{1EFFBF28-4BEF-4B33-8441-350E40A6A298} = {07B525C4-97C7-41DF-8397-5B343628375A}
		{82AEFBEE-5F7B-4BB9-A055-65CA433331FA} = {07B525C4-97C7-41DF-8397-5B343628375A}
		{79E72B4D-6FCF-4706-B275-07498EF57B69} = {DDDC4257-0EA5-4D94-B0E8-0AD3CD434CBD}
		{AC716433-5237-4B39-B516-97212AEDA3D5} = {DDDC4257-0EA5-4D94-B0E8-0AD3CD434CBD}
		{D4A63152-79BD-420F-88F2-800BF9EB4B34} = {DDDC4257-0EA5-4D94-B0E8-0AD3CD434CBD}
		{BB589097-3E30-408E-B2AB-22C41957DFB1} = {DDDC4257-0EA5-4D94-B0E8-0AD3CD434CBD}
		{55389ECD-6CE8-4F50-B66F-706BC769AFCA} = {DDDC4257-0EA5-4D94-B0E8-0AD3CD434CBD}
	EndGlobalSection
EndGlobal
